
Microsoft Visual Studio Solution File, Format Version 12.00
# Visual Studio Version 17
VisualStudioVersion = 17.9.34902.65
MinimumVisualStudioVersion = 10.0.40219.1
Project("{9A19103F-16F7-4668-BE54-9A1E7A4F7556}") = "Pet_Project_Note", "Pet_Project_Note.csproj", "{991089B5-5779-4672-A7BC-8DE4249B8A04}"
EndProject
Global
	GlobalSection(SolutionConfigurationPlatforms) = preSolution
		Debug|Any CPU = Debug|Any CPU
		Release|Any CPU = Release|Any CPU
	EndGlobalSection
	GlobalSection(ProjectConfigurationPlatforms) = postSolution
		{991089B5-5779-4672-A7BC-8DE4249B8A04}.Debug|Any CPU.ActiveCfg = Debug|Any CPU
		{991089B5-5779-4672-A7BC-8DE4249B8A04}.Debug|Any CPU.Build.0 = Debug|Any CPU
		{991089B5-5779-4672-A7BC-8DE4249B8A04}.Release|Any CPU.ActiveCfg = Release|Any CPU
		{991089B5-5779-4672-A7BC-8DE4249B8A04}.Release|Any CPU.Build.0 = Release|Any CPU
	EndGlobalSection
	GlobalSection(SolutionProperties) = preSolution
		HideSolutionNode = FALSE
	EndGlobalSection
	GlobalSection(ExtensibilityGlobals) = postSolution
		SolutionGuid = {43636DF7-6327-4884-8135-782C75913918}
	EndGlobalSection
EndGlobal
